lockfileVersion: '9.0'

settings:
  autoInstallPeers: true
  excludeLinksFromLockfile: false

importers:

  .: {}

  demo:
    dependencies:
      '@unison/wasm-runtime':
        specifier: workspace:*
        version: link:../js
    devDependencies:
      typescript:
        specifier: ^5.3.0
        version: 5.9.3

  js:
    devDependencies:
      '@types/node':
        specifier: ^25.0.3
        version: 25.0.3
      typescript:
        specifier: ^5.3.0
        version: 5.9.3
      wabt:
        specifier: ^1.0.36
        version: 1.0.39

packages:

  '@types/node@25.0.3':
    resolution: {integrity: sha512-W609buLVRVmeW693xKfzHeIV6nJGGz98uCPfeXI1ELMLXVeKYZ9m15fAMSaUPBHYLGFsVRcMmSCksQOrZV9BYA==}

  typescript@5.9.3:
    resolution: {integrity: sha512-jl1vZzPDinLr9eUt3J/t7V6FgNEw9QjvBPdysz9KfQDD41fQrC2Y4vKQdiaUpFT4bXlb1RHhLpp8wtm6M5TgSw==}
    engines: {node: '>=14.17'}
    hasBin: true

  undici-types@7.16.0:
    resolution: {integrity: sha512-Zz+aZWSj8LE6zoxD+xrjh4VfkIG8Ya6LvYkZqtUQGJPZjYl53ypCaUwWqo7eI0x66KBGeRo+mlBEkMSeSZ38Nw==}

  wabt@1.0.39:
    resolution: {integrity: sha512-ba+dRL/75VQQY7RkU/CgriGbkoWAfS8TDyUlJfJhJ8KhtXgMl5dhNvoPNUcQ9IWRhW8u41glMSuZeTvsYq2rRg==}
    hasBin: true

snapshots:

  '@types/node@25.0.3':
    dependencies:
      undici-types: 7.16.0

  typescript@5.9.3: {}

  undici-types@7.16.0: {}

  wabt@1.0.39: {}
